
Microsoft Visual Studio Solution File, Format Version 12.00
# Visual Studio 15
VisualStudioVersion = 15.0.27703.2035
MinimumVisualStudioVersion = 10.0.40219.1
Project("{FAE04EC0-301F-11D3-BF4B-00C04F79EFBC}") = "BookCollectionWebAPI", "BookCollectionWebAPI\BookCollectionWebAPI.csproj", "{9F955671-8F55-4CA0-819F-824BB1A55D24}"
EndProject
Project("{FAE04EC0-301F-11D3-BF4B-00C04F79EFBC}") = "BookCollectionWebAPI.Tests", "BookCollectionWebAPI.Tests\BookCollectionWebAPI.Tests.csproj", "{D86823C4-5FD2-4309-95C1-3C97D1832FBE}"
EndProject
Global
	GlobalSection(SolutionConfigurationPlatforms) = preSolution
		Debug|Any CPU = Debug|Any CPU
		Release|Any CPU = Release|Any CPU
	EndGlobalSection
	GlobalSection(ProjectConfigurationPlatforms) = postSolution
		{9F955671-8F55-4CA0-819F-824BB1A55D24}.Debug|Any CPU.ActiveCfg = Debug|Any CPU
		{9F955671-8F55-4CA0-819F-824BB1A55D24}.Debug|Any CPU.Build.0 = Debug|Any CPU
		{9F955671-8F55-4CA0-819F-824BB1A55D24}.Release|Any CPU.ActiveCfg = Release|Any CPU
		{9F955671-8F55-4CA0-819F-824BB1A55D24}.Release|Any CPU.Build.0 = Release|Any CPU
		{D86823C4-5FD2-4309-95C1-3C97D1832FBE}.Debug|Any CPU.ActiveCfg = Debug|Any CPU
		{D86823C4-5FD2-4309-95C1-3C97D1832FBE}.Debug|Any CPU.Build.0 = Debug|Any CPU
		{D86823C4-5FD2-4309-95C1-3C97D1832FBE}.Release|Any CPU.ActiveCfg = Release|Any CPU
		{D86823C4-5FD2-4309-95C1-3C97D1832FBE}.Release|Any CPU.Build.0 = Release|Any CPU
	EndGlobalSection
	GlobalSection(SolutionProperties) = preSolution
		HideSolutionNode = FALSE
	EndGlobalSection
	GlobalSection(ExtensibilityGlobals) = postSolution
		SolutionGuid = {59941129-7A0F-44A8-B465-C180209E8DBD}
	EndGlobalSection
EndGlobal
